PODS:
  - RxSwift (5.0.0)
  - SwiftyJSON (5.0.0)

DEPENDENCIES:
  - RxSwift (~> 5)
  - SwiftyJSON (~> 5)

SPEC REPOS:
  https://github.com/cocoapods/specs.git:
    - RxSwift
    - SwiftyJSON

SPEC CHECKSUMS:
  RxSwift: 8b0671caa829a763bbce7271095859121cbd895f
  SwiftyJSON: 36413e04c44ee145039d332b4f4e2d3e8d6c4db7

PODFILE CHECKSUM: cf772eb1f7093e902c78943920c92183e33893c6

COCOAPODS: 1.7.1
